
lockfileVersion: '6.0'

settings:
  autoInstallPeers: true
  excludeLinksFromLockfile: false

dependencies:
  openai:
    specifier: ^3.3.0
    version: 3.3.0
  zod:
    specifier: ^3.21.4
    version: 3.21.4
  zod-to-json-schema:
    specifier: ^3.21.4
    version: 3.21.4(zod@3.21.4)

devDependencies:
  '@types/jest':
    specifier: ^29.5.3
    version: 29.5.3
  axios:
    specifier: ^1.4.0
    version: 1.4.0
  dotenv:
    specifier: ^16.3.1
    version: 16.3.1
  jest:
    specifier: ^29.6.1
    version: 29.6.1
  ts-jest:
    specifier: ^29.1.1
    version: 29.1.1(@babel/core@7.22.9)(jest@29.6.1)(typescript@5.1.6)
  typescript:
    specifier: ^5.1.6
    version: 5.1.6

packages:

  /@ampproject/remapping@2.2.1:
    resolution: {integrity: sha512-lFMjJTrFL3j7L9yBxwYfCq2k6qqwHyzuUl/XBnif78PWTJYyL/dfowQHWE3sp6U6ZzqWiiIZnpTMO96zhkjwtg==}
    engines: {node: '>=6.0.0'}
    dependencies:
      '@jridgewell/gen-mapping': 0.3.3
      '@jridgewell/trace-mapping': 0.3.18
    dev: true

  /@babel/code-frame@7.22.5:
    resolution: {integrity: sha512-Xmwn266vad+6DAqEB2A6V/CcZVp62BbwVmcOJc2RPuwih1kw02TjQvWVWlcKGbBPd+8/0V5DEkOcizRGYsspYQ==}
    engines: {node: '>=6.9.0'}
    dependencies:
      '@babel/highlight': 7.22.5
    dev: true

  /@babel/compat-data@7.22.9:
    resolution: {integrity: sha512-5UamI7xkUcJ3i9qVDS+KFDEK8/7oJ55/sJMB1Ge7IEapr7KfdfV/HErR+koZwOfd+SgtFKOKRhRakdg++DcJpQ==}
    engines: {node: '>=6.9.0'}
    dev: true

  /@babel/core@7.22.9:
    resolution: {integrity: sha512-G2EgeufBcYw27U4hhoIwFcgc1XU7TlXJ3mv04oOv1WCuo900U/anZSPzEqNjwdjgffkk2Gs0AN0dW1CKVLcG7w==}
    engines: {node: '>=6.9.0'}
    dependencies:
      '@ampproject/remapping': 2.2.1
      '@babel/code-frame': 7.22.5
      '@babel/generator': 7.22.9
      '@babel/helper-compilation-targets': 7.22.9(@babel/core@7.22.9)
      '@babel/helper-module-transforms': 7.22.9(@babel/core@7.22.9)
      '@babel/helpers': 7.22.6
      '@babel/parser': 7.22.7
      '@babel/template': 7.22.5
      '@babel/traverse': 7.22.8
      '@babel/types': 7.22.5
      convert-source-map: 1.9.0
      debug: 4.3.4
      gensync: 1.0.0-beta.2
      json5: 2.2.3
      semver: 6.3.1
    transitivePeerDependencies:
      - supports-color
    dev: true

  /@babel/generator@7.22.9:
    resolution: {integrity: sha512-KtLMbmicyuK2Ak/FTCJVbDnkN1SlT8/kceFTiuDiiRUUSMnHMidxSCdG4ndkTOHHpoomWe/4xkvHkEOncwjYIw==}
    engines: {node: '>=6.9.0'}
    dependencies:
      '@babel/types': 7.22.5
      '@jridgewell/gen-mapping': 0.3.3
      '@jridgewell/trace-mapping': 0.3.18
      jsesc: 2.5.2
    dev: true

  /@babel/helper-compilation-targets@7.22.9(@babel/core@7.22.9):
    resolution: {integrity: sha512-7qYrNM6HjpnPHJbopxmb8hSPoZ0gsX8IvUS32JGVoy+pU9e5N0nLr1VjJoR6kA4d9dmGLxNYOjeB8sUDal2WMw==}
    engines: {node: '>=6.9.0'}
    peerDependencies:
      '@babel/core': ^7.0.0
    dependencies:
      '@babel/compat-data': 7.22.9
      '@babel/core': 7.22.9
      '@babel/helper-validator-option': 7.22.5
      browserslist: 4.21.9
      lru-cache: 5.1.1
      semver: 6.3.1
    dev: true

  /@babel/helper-environment-visitor@7.22.5:
    resolution: {integrity: sha512-XGmhECfVA/5sAt+H+xpSg0mfrHq6FzNr9Oxh7PSEBBRUb/mL7Kz3NICXb194rCqAEdxkhPT1a88teizAFyvk8Q==}
    engines: {node: '>=6.9.0'}
    dev: true

  /@babel/helper-function-name@7.22.5: